
Microsoft Visual Studio Solution File, Format Version 12.00
# Visual Studio Version 17
VisualStudioVersion = 17.4.33205.214
MinimumVisualStudioVersion = 10.0.40219.1
Project("{888888A0-9F3D-457C-B088-3A5042F75D52}") = "YourMomCalling", "YourMomCalling.pyproj", "{93B93A4C-C26A-4F61-B357-50419B3902D0}"
EndProject
Global
	GlobalSection(SolutionConfigurationPlatforms) = preSolution
		Debug|Any CPU = Debug|Any CPU
		Release|Any CPU = Release|Any CPU
	EndGlobalSection
	GlobalSection(ProjectConfigurationPlatforms) = postSolution
		{93B93A4C-C26A-4F61-B357-50419B3902D0}.Debug|Any CPU.ActiveCfg = Debug|Any CPU
		{93B93A4C-C26A-4F61-B357-50419B3902D0}.Release|Any CPU.ActiveCfg = Release|Any CPU
	EndGlobalSection
	GlobalSection(SolutionProperties) = preSolution
		HideSolutionNode = FALSE
	EndGlobalSection
	GlobalSection(ExtensibilityGlobals) = postSolution
		SolutionGuid = {4A066DA1-3F65-4444-980C-3753C4B3FA89}
	EndGlobalSection
EndGlobal
